
Microsoft Visual Studio Solution File, Format Version 12.00
# Visual Studio Version 17
VisualStudioVersion = 17.10.34928.147
MinimumVisualStudioVersion = 10.0.40219.1
Project("{FAE04EC0-301F-11D3-BF4B-00C04F79EFBC}") = "KutuphaneOtomasyon", "KutuphaneOtomasyon\KutuphaneOtomasyon.csproj", "{877A20DE-ADDC-421F-B096-B1B6157AAA84}"
EndProject
Global
	GlobalSection(SolutionConfigurationPlatforms) = preSolution
		Debug|Any CPU = Debug|Any CPU
		Release|Any CPU = Release|Any CPU
	EndGlobalSection
	GlobalSection(ProjectConfigurationPlatforms) = postSolution
		{877A20DE-ADDC-421F-B096-B1B6157AAA84}.Debug|Any CPU.ActiveCfg = Debug|Any CPU
		{877A20DE-ADDC-421F-B096-B1B6157AAA84}.Debug|Any CPU.Build.0 = Debug|Any CPU
		{877A20DE-ADDC-421F-B096-B1B6157AAA84}.Release|Any CPU.ActiveCfg = Release|Any CPU
		{877A20DE-ADDC-421F-B096-B1B6157AAA84}.Release|Any CPU.Build.0 = Release|Any CPU
	EndGlobalSection
	GlobalSection(SolutionProperties) = preSolution
		HideSolutionNode = FALSE
	EndGlobalSection
	GlobalSection(ExtensibilityGlobals) = postSolution
		SolutionGuid = {8C43949C-F2D7-4DA6-8061-7BE44F5DC07F}
	EndGlobalSection
EndGlobal
